
Microsoft Visual Studio Solution File, Format Version 12.00
# Visual Studio Version 17
VisualStudioVersion = 17.11.35222.181
MinimumVisualStudioVersion = 10.0.40219.1
Project("{FAE04EC0-301F-11D3-BF4B-00C04F79EFBC}") = "BmiTester", "BmiTester\BmiTester.csproj", "{5AFDEB73-53BF-4363-AE42-F3D735544282}"
EndProject
Global
	GlobalSection(SolutionConfigurationPlatforms) = preSolution
		Debug|Any CPU = Debug|Any CPU
		Release|Any CPU = Release|Any CPU
	EndGlobalSection
	GlobalSection(ProjectConfigurationPlatforms) = postSolution
		{5AFDEB73-53BF-4363-AE42-F3D735544282}.Debug|Any CPU.ActiveCfg = Debug|Any CPU
		{5AFDEB73-53BF-4363-AE42-F3D735544282}.Debug|Any CPU.Build.0 = Debug|Any CPU
		{5AFDEB73-53BF-4363-AE42-F3D735544282}.Release|Any CPU.ActiveCfg = Release|Any CPU
		{5AFDEB73-53BF-4363-AE42-F3D735544282}.Release|Any CPU.Build.0 = Release|Any CPU
	EndGlobalSection
	GlobalSection(SolutionProperties) = preSolution
		HideSolutionNode = FALSE
	EndGlobalSection
	GlobalSection(ExtensibilityGlobals) = postSolution
		SolutionGuid = {3BA9DBEC-A19D-4EC3-8F0F-82557E774756}
	EndGlobalSection
EndGlobal
