
Microsoft Visual Studio Solution File, Format Version 12.00
# Visual Studio Version 17
VisualStudioVersion = 17.11.35222.181
MinimumVisualStudioVersion = 10.0.40219.1
Project("{FAE04EC0-301F-11D3-BF4B-00C04F79EFBC}") = "StudentTester", "StudentTester\StudentTester.csproj", "{48224795-A147-48CB-BAF9-F428E6D11BA8}"
EndProject
Global
	GlobalSection(SolutionConfigurationPlatforms) = preSolution
		Debug|Any CPU = Debug|Any CPU
		Release|Any CPU = Release|Any CPU
	EndGlobalSection
	GlobalSection(ProjectConfigurationPlatforms) = postSolution
		{48224795-A147-48CB-BAF9-F428E6D11BA8}.Debug|Any CPU.ActiveCfg = Debug|Any CPU
		{48224795-A147-48CB-BAF9-F428E6D11BA8}.Debug|Any CPU.Build.0 = Debug|Any CPU
		{48224795-A147-48CB-BAF9-F428E6D11BA8}.Release|Any CPU.ActiveCfg = Release|Any CPU
		{48224795-A147-48CB-BAF9-F428E6D11BA8}.Release|Any CPU.Build.0 = Release|Any CPU
	EndGlobalSection
	GlobalSection(SolutionProperties) = preSolution
		HideSolutionNode = FALSE
	EndGlobalSection
	GlobalSection(ExtensibilityGlobals) = postSolution
		SolutionGuid = {FBDE5FD2-2548-4EFA-B29D-80BF42457F0A}
	EndGlobalSection
EndGlobal
