
Microsoft Visual Studio Solution File, Format Version 12.00
# Visual Studio Version 17
VisualStudioVersion = 17.11.35222.181
MinimumVisualStudioVersion = 10.0.40219.1
Project("{FAE04EC0-301F-11D3-BF4B-00C04F79EFBC}") = "Poems", "Poems\Poems.csproj", "{8B87E303-CB58-4038-8D11-1D52D454DAA9}"
EndProject
Project("{FAE04EC0-301F-11D3-BF4B-00C04F79EFBC}") = "Musics", "Musics\Musics.csproj", "{C93F98DB-3AC8-4620-A77B-064B4860313F}"
EndProject
Global
	GlobalSection(SolutionConfigurationPlatforms) = preSolution
		Debug|Any CPU = Debug|Any CPU
		Release|Any CPU = Release|Any CPU
	EndGlobalSection
	GlobalSection(ProjectConfigurationPlatforms) = postSolution
		{8B87E303-CB58-4038-8D11-1D52D454DAA9}.Debug|Any CPU.ActiveCfg = Debug|Any CPU
		{8B87E303-CB58-4038-8D11-1D52D454DAA9}.Debug|Any CPU.Build.0 = Debug|Any CPU
		{8B87E303-CB58-4038-8D11-1D52D454DAA9}.Release|Any CPU.ActiveCfg = Release|Any CPU
		{8B87E303-CB58-4038-8D11-1D52D454DAA9}.Release|Any CPU.Build.0 = Release|Any CPU
		{C93F98DB-3AC8-4620-A77B-064B4860313F}.Debug|Any CPU.ActiveCfg = Debug|Any CPU
		{C93F98DB-3AC8-4620-A77B-064B4860313F}.Debug|Any CPU.Build.0 = Debug|Any CPU
		{C93F98DB-3AC8-4620-A77B-064B4860313F}.Release|Any CPU.ActiveCfg = Release|Any CPU
		{C93F98DB-3AC8-4620-A77B-064B4860313F}.Release|Any CPU.Build.0 = Release|Any CPU
	EndGlobalSection
	GlobalSection(SolutionProperties) = preSolution
		HideSolutionNode = FALSE
	EndGlobalSection
	GlobalSection(ExtensibilityGlobals) = postSolution
		SolutionGuid = {8710928B-4F90-4399-9480-12E4DEA2D8D8}
	EndGlobalSection
EndGlobal
