
Microsoft Visual Studio Solution File, Format Version 12.00
# Visual Studio Version 17
VisualStudioVersion = 17.11.35222.181
MinimumVisualStudioVersion = 10.0.40219.1
Project("{FAE04EC0-301F-11D3-BF4B-00C04F79EFBC}") = "StudentManager", "StudentManager\StudentManager.csproj", "{CCE506BA-42BE-415D-8522-64847D927DED}"
EndProject
Global
	GlobalSection(SolutionConfigurationPlatforms) = preSolution
		Debug|Any CPU = Debug|Any CPU
		Release|Any CPU = Release|Any CPU
	EndGlobalSection
	GlobalSection(ProjectConfigurationPlatforms) = postSolution
		{CCE506BA-42BE-415D-8522-64847D927DED}.Debug|Any CPU.ActiveCfg = Debug|Any CPU
		{CCE506BA-42BE-415D-8522-64847D927DED}.Debug|Any CPU.Build.0 = Debug|Any CPU
		{CCE506BA-42BE-415D-8522-64847D927DED}.Release|Any CPU.ActiveCfg = Release|Any CPU
		{CCE506BA-42BE-415D-8522-64847D927DED}.Release|Any CPU.Build.0 = Release|Any CPU
	EndGlobalSection
	GlobalSection(SolutionProperties) = preSolution
		HideSolutionNode = FALSE
	EndGlobalSection
	GlobalSection(ExtensibilityGlobals) = postSolution
		SolutionGuid = {40185738-EC26-48F1-A123-607587F1549A}
	EndGlobalSection
EndGlobal
