
Microsoft Visual Studio Solution File, Format Version 12.00
# Visual Studio Version 17
VisualStudioVersion = 17.11.35222.181
MinimumVisualStudioVersion = 10.0.40219.1
Project("{9A19103F-16F7-4668-BE54-9A1E7A4F7556}") = "StudentTester", "StudentTester\StudentTester.csproj", "{EFAC2824-FAB9-4D80-994A-918035DC3F66}"
EndProject
Project("{9A19103F-16F7-4668-BE54-9A1E7A4F7556}") = "StudentTesterV2", "StudentTesterV2\StudentTesterV2.csproj", "{E1950D18-1280-4FC2-848B-295D3DD84E47}"
EndProject
Project("{9A19103F-16F7-4668-BE54-9A1E7A4F7556}") = "StudentTesterV3", "StudentTesterV3\StudentTesterV3.csproj", "{7E22B7BF-FC27-4F78-A053-E3DD3A2D4CA4}"
EndProject
Project("{FAE04EC0-301F-11D3-BF4B-00C04F79EFBC}") = "StudentTesterV4", "StudentTesterV4\StudentTesterV4.csproj", "{6506506C-05BA-491E-B341-50E22109E9B9}"
EndProject
Project("{FAE04EC0-301F-11D3-BF4B-00C04F79EFBC}") = "StudentTesterV5", "StudentTesterV5\StudentTesterV5.csproj", "{9FD2459D-162E-4196-A184-14C9840F849D}"
EndProject
Project("{FAE04EC0-301F-11D3-BF4B-00C04F79EFBC}") = "StudentTesterV6", "StudentTesterV6\StudentTesterV6.csproj", "{A8A1C987-EC61-49DC-BA31-0F292BFADAA8}"
EndProject
Global
	GlobalSection(SolutionConfigurationPlatforms) = preSolution
		Debug|Any CPU = Debug|Any CPU
		Release|Any CPU = Release|Any CPU
	EndGlobalSection
	GlobalSection(ProjectConfigurationPlatforms) = postSolution
		{EFAC2824-FAB9-4D80-994A-918035DC3F66}.Debug|Any CPU.ActiveCfg = Debug|Any CPU
		{EFAC2824-FAB9-4D80-994A-918035DC3F66}.Debug|Any CPU.Build.0 = Debug|Any CPU
		{EFAC2824-FAB9-4D80-994A-918035DC3F66}.Release|Any CPU.ActiveCfg = Release|Any CPU
		{EFAC2824-FAB9-4D80-994A-918035DC3F66}.Release|Any CPU.Build.0 = Release|Any CPU
		{E1950D18-1280-4FC2-848B-295D3DD84E47}.Debug|Any CPU.ActiveCfg = Debug|Any CPU
		{E1950D18-1280-4FC2-848B-295D3DD84E47}.Debug|Any CPU.Build.0 = Debug|Any CPU
		{E1950D18-1280-4FC2-848B-295D3DD84E47}.Release|Any CPU.ActiveCfg = Release|Any CPU
		{E1950D18-1280-4FC2-848B-295D3DD84E47}.Release|Any CPU.Build.0 = Release|Any CPU
		{7E22B7BF-FC27-4F78-A053-E3DD3A2D4CA4}.Debug|Any CPU.ActiveCfg = Debug|Any CPU
		{7E22B7BF-FC27-4F78-A053-E3DD3A2D4CA4}.Debug|Any CPU.Build.0 = Debug|Any CPU
		{7E22B7BF-FC27-4F78-A053-E3DD3A2D4CA4}.Release|Any CPU.ActiveCfg = Release|Any CPU
		{7E22B7BF-FC27-4F78-A053-E3DD3A2D4CA4}.Release|Any CPU.Build.0 = Release|Any CPU
		{6506506C-05BA-491E-B341-50E22109E9B9}.Debug|Any CPU.ActiveCfg = Debug|Any CPU
		{6506506C-05BA-491E-B341-50E22109E9B9}.Debug|Any CPU.Build.0 = Debug|Any CPU
		{6506506C-05BA-491E-B341-50E22109E9B9}.Release|Any CPU.ActiveCfg = Release|Any CPU
		{6506506C-05BA-491E-B341-50E22109E9B9}.Release|Any CPU.Build.0 = Release|Any CPU
		{9FD2459D-162E-4196-A184-14C9840F849D}.Debug|Any CPU.ActiveCfg = Debug|Any CPU
		{9FD2459D-162E-4196-A184-14C9840F849D}.Debug|Any CPU.Build.0 = Debug|Any CPU
		{9FD2459D-162E-4196-A184-14C9840F849D}.Release|Any CPU.ActiveCfg = Release|Any CPU
		{9FD2459D-162E-4196-A184-14C9840F849D}.Release|Any CPU.Build.0 = Release|Any CPU
		{A8A1C987-EC61-49DC-BA31-0F292BFADAA8}.Debug|Any CPU.ActiveCfg = Debug|Any CPU
		{A8A1C987-EC61-49DC-BA31-0F292BFADAA8}.Debug|Any CPU.Build.0 = Debug|Any CPU
		{A8A1C987-EC61-49DC-BA31-0F292BFADAA8}.Release|Any CPU.ActiveCfg = Release|Any CPU
		{A8A1C987-EC61-49DC-BA31-0F292BFADAA8}.Release|Any CPU.Build.0 = Release|Any CPU
	EndGlobalSection
	GlobalSection(SolutionProperties) = preSolution
		HideSolutionNode = FALSE
	EndGlobalSection
	GlobalSection(ExtensibilityGlobals) = postSolution
		SolutionGuid = {8B1B8BD1-4F41-43A0-B064-1DA5D74023AD}
	EndGlobalSection
EndGlobal
